// !$*UTF8*$!
{
	archiveVersion = 1;
	classes = {
	};
	objectVersion = 50;
	objects = {

/* Begin PBXBuildFile section */
		57EE17FFEA272B764B8F3A11 /* libPods-AppX.a in Frameworks */ = {isa = PBXBuildFile; fileRef = 39CE305AE8AEE24164589E1F /* libPods-AppX.a */; };
		D86A86F120D0147200CAC7DA /* AppDelegate.m in Sources */ = {isa = PBXBuildFile; fileRef = D86A86F020D0147200CAC7DA /* AppDelegate.m */; };
		D86A86F420D0147200CAC7DA /* ViewController.m in Sources */ = {isa = PBXBuildFile; fileRef = D86A86F320D0147200CAC7DA /* ViewController.m */; };
		D86A86F620D0147400CAC7DA /* Assets.xcassets in Resources */ = {isa = PBXBuildFile; fileRef = D86A86F520D0147400CAC7DA /* Assets.xcassets */; };
		D86A86F920D0147400CAC7DA /* Main.storyboard in Resources */ = {isa = PBXBuildFile; fileRef = D86A86F720D0147400CAC7DA /* Main.storyboard */; };
		D86A86FC20D0147400CAC7DA /* main.m in Sources */ = {isa = PBXBuildFile; fileRef = D86A86FB20D0147400CAC7DA /* main.m */; };
		D86A871220D017AA00CAC7DA /* LICENSE in Resources */ = {isa = PBXBuildFile; fileRef = D86A870E20D017AA00CAC7DA /* LICENSE */; };
		D86A871320D017AA00CAC7DA /* README.md in Resources */ = {isa = PBXBuildFile; fileRef = D86A871020D017AA00CAC7DA /* README.md */; };
		D86A871420D017AA00CAC7DA /* GCDTask.m in Sources */ = {isa = PBXBuildFile; fileRef = D86A871120D017AA00CAC7DA /* GCDTask.m */; };
		D86A871820D017D500CAC7DA /* yololib.m in Sources */ = {isa = PBXBuildFile; fileRef = D86A871720D017D500CAC7DA /* yololib.m */; };
/* End PBXBuildFile section */

/* Begin PBXFileReference section */
		084DC4B07D366C7D2AB0E211 /* Pods-AppX.debug.xcconfig */ = {isa = PBXFileReference; includeInIndex = 1; lastKnownFileType = text.xcconfig; name = "Pods-AppX.debug.xcconfig"; path = "Pods/Target Support Files/Pods-AppX/Pods-AppX.debug.xcconfig"; sourceTree = "<group>"; };
		39CE305AE8AEE24164589E1F /* libPods-AppX.a */ = {isa = PBXFileReference; explicitFileType = archive.ar; includeInIndex = 0; path = "libPods-AppX.a"; sourceTree = BUILT_PRODUCTS_DIR; };
		91E531EB4AB2175A19BCCAA8 /* Pods-AppX.release.xcconfig */ = {isa = PBXFileReference; includeInIndex = 1; lastKnownFileType = text.xcconfig; name = "Pods-AppX.release.xcconfig"; path = "Pods/Target Support Files/Pods-AppX/Pods-AppX.release.xcconfig"; sourceTree = "<group>"; };
		D86A86EC20D0147200CAC7DA /* AppX.app */ = {isa = PBXFileReference; explicitFileType = wrapper.application; includeInIndex = 0; path = AppX.app; sourceTree = BUILT_PRODUCTS_DIR; };
		D86A86EF20D0147200CAC7DA /* AppDelegate.h */ = {isa = PBXFileReference; lastKnownFileType = sourcecode.c.h; path = AppDelegate.h; sourceTree = "<group>"; };
		D86A86F020D0147200CAC7DA /* AppDelegate.m */ = {isa = PBXFileReference; lastKnownFileType = sourcecode.c.objc; path = AppDelegate.m; sourceTree = "<group>"; };
		D86A86F220D0147200CAC7DA /* ViewController.h */ = {isa = PBXFileReference; lastKnownFileType = sourcecode.c.h; path = ViewController.h; sourceTree = "<group>"; };
		D86A86F320D0147200CAC7DA /* ViewController.m */ = {isa = PBXFileReference; lastKnownFileType = sourcecode.c.objc; path = ViewController.m; sourceTree = "<group>"; };
		D86A86F520D0147400CAC7DA /* Assets.xcassets */ = {isa = PBXFileReference; lastKnownFileType = folder.assetcatalog; path = Assets.xcassets; sourceTree = "<group>"; };
		D86A86F820D0147400CAC7DA /* Base */ = {isa = PBXFileReference; lastKnownFileType = file.storyboard; name = Base; path = Base.lproj/Main.storyboard; sourceTree = "<group>"; };
		D86A86FA20D0147400CAC7DA /* Info.plist */ = {isa = PBXFileReference; lastKnownFileType = text.plist.xml; path = Info.plist; sourceTree = "<group>"; };
		D86A86FB20D0147400CAC7DA /* main.m */ = {isa = PBXFileReference; lastKnownFileType = sourcecode.c.objc; path = main.m; sourceTree = "<group>"; };
		D86A86FD20D0147400CAC7DA /* AppX.entitlements */ = {isa = PBXFileReference; lastKnownFileType = text.plist.entitlements; path = AppX.entitlements; sourceTree = "<group>"; };
		D86A870E20D017AA00CAC7DA /* LICENSE */ = {isa = PBXFileReference; fileEncoding = 4; lastKnownFileType = text; path = LICENSE; sourceTree = "<group>"; };
		D86A870F20D017AA00CAC7DA /* GCDTask.h */ = {isa = PBXFileReference; fileEncoding = 4; lastKnownFileType = sourcecode.c.h; path = GCDTask.h; sourceTree = "<group>"; };
		D86A871020D017AA00CAC7DA /* README.md */ = {isa = PBXFileReference; fileEncoding = 4; lastKnownFileType = net.daringfireball.markdown; path = README.md; sourceTree = "<group>"; };
		D86A871120D017AA00CAC7DA /* GCDTask.m */ = {isa = PBXFileReference; fileEncoding = 4; lastKnownFileType = sourcecode.c.objc; path = GCDTask.m; sourceTree = "<group>"; };
		D86A871620D017D500CAC7DA /* yololib.h */ = {isa = PBXFileReference; lastKnownFileType = sourcecode.c.h; path = yololib.h; sourceTree = "<group>"; };
		D86A871720D017D500CAC7DA /* yololib.m */ = {isa = PBXFileReference; lastKnownFileType = sourcecode.c.objc; path = yololib.m; sourceTree = "<group>"; };
/* End PBXFileReference section */

/* Begin PBXFrameworksBuildPhase section */
		D86A86E920D0147200CAC7DA /* Frameworks */ = {
			isa = PBXFrameworksBuildPhase;
			buildActionMask = 2147483647;
			files = (
				57EE17FFEA272B764B8F3A11 /* libPods-AppX.a in Frameworks */,
			);
			runOnlyForDeploymentPostprocessing = 0;
		};
/* End PBXFrameworksBuildPhase section */

/* Begin PBXGroup section */
		32937DE20DDF1442E27C641B /* Frameworks */ = {
			isa = PBXGroup;
			children = (
				39CE305AE8AEE24164589E1F /* libPods-AppX.a */,
			);
			name = Frameworks;
			sourceTree = "<group>";
		};
		D629A92B2FFF4B49B0ABFC7B /* Pods */ = {
			isa = PBXGroup;
			children = (
				084DC4B07D366C7D2AB0E211 /* Pods-AppX.debug.xcconfig */,
				91E531EB4AB2175A19BCCAA8 /* Pods-AppX.release.xcconfig */,
			);
			name = Pods;
			sourceTree = "<group>";
		};
		D86A86E320D0147200CAC7DA = {
			isa = PBXGroup;
			children = (
				D86A86EE20D0147200CAC7DA /* AppX */,
				D86A86ED20D0147200CAC7DA /* Products */,
				D629A92B2FFF4B49B0ABFC7B /* Pods */,
				32937DE20DDF1442E27C641B /* Frameworks */,
			);
			sourceTree = "<group>";
		};
		D86A86ED20D0147200CAC7DA /* Products */ = {
			isa = PBXGroup;
			children = (
				D86A86EC20D0147200CAC7DA /* AppX.app */,
			);
			name = Products;
			sourceTree = "<group>";
		};
		D86A86EE20D0147200CAC7DA /* AppX */ = {
			isa = PBXGroup;
			children = (
				D86A870C20D017AA00CAC7DA /* Vendor */,
				D86A86EF20D0147200CAC7DA /* AppDelegate.h */,
				D86A86F020D0147200CAC7DA /* AppDelegate.m */,
				D86A86F220D0147200CAC7DA /* ViewController.h */,
				D86A86F320D0147200CAC7DA /* ViewController.m */,
				D86A86F520D0147400CAC7DA /* Assets.xcassets */,
				D86A86F720D0147400CAC7DA /* Main.storyboard */,
				D86A86FA20D0147400CAC7DA /* Info.plist */,
				D86A86FB20D0147400CAC7DA /* main.m */,
				D86A86FD20D0147400CAC7DA /* AppX.entitlements */,
			);
			path = AppX;
			sourceTree = "<group>";
		};
		D86A870C20D017AA00CAC7DA /* Vendor */ = {
			isa = PBXGroup;
			children = (
				D86A871520D017B000CAC7DA /* yololib */,
				D86A870D20D017AA00CAC7DA /* GCDTask */,
			);
			path = Vendor;
			sourceTree = "<group>";
		};
		D86A870D20D017AA00CAC7DA /* GCDTask */ = {
			isa = PBXGroup;
			children = (
				D86A870E20D017AA00CAC7DA /* LICENSE */,
				D86A870F20D017AA00CAC7DA /* GCDTask.h */,
				D86A871020D017AA00CAC7DA /* README.md */,
				D86A871120D017AA00CAC7DA /* GCDTask.m */,
			);
			path = GCDTask;
			sourceTree = "<group>";
		};
		D86A871520D017B000CAC7DA /* yololib */ = {
			isa = PBXGroup;
			children = (
				D86A871620D017D500CAC7DA /* yololib.h */,
				D86A871720D017D500CAC7DA /* yololib.m */,
			);
			path = yololib;
			sourceTree = "<group>";
		};
/* End PBXGroup section */

/* Begin PBXNativeTarget section */
		D86A86EB20D0147200CAC7DA /* AppX */ = {
			isa = PBXNativeTarget;
			buildConfigurationList = D86A870020D0147400CAC7DA /* Build configuration list for PBXNativeTarget "AppX" */;
			buildPhases = (
				A1317898636EF0B9FA85486B /* [CP] Check Pods Manifest.lock */,
				D86A86E820D0147200CAC7DA /* Sources */,
				D86A86E920D0147200CAC7DA /* Frameworks */,
				D86A86EA20D0147200CAC7DA /* Resources */,
			);
			buildRules = (
			);
			dependencies = (
			);
			name = AppX;
			productName = AppX;
			productReference = D86A86EC20D0147200CAC7DA /* AppX.app */;
			productType = "com.apple.product-type.application";
		};
/* End PBXNativeTarget section */

/* Begin PBXProject section */
		D86A86E420D0147200CAC7DA /* Project object */ = {
			isa = PBXProject;
			attributes = {
				LastUpgradeCheck = 0940;
				ORGANIZATIONNAME = NoName;
				TargetAttributes = {
					D86A86EB20D0147200CAC7DA = {
						CreatedOnToolsVersion = 9.4;
					};
				};
			};
			buildConfigurationList = D86A86E720D0147200CAC7DA /* Build configuration list for PBXProject "AppX" */;
			compatibilityVersion = "Xcode 9.3";
			developmentRegion = en;
			hasScannedForEncodings = 0;
			knownRegions = (
				en,
				Base,
			);
			mainGroup = D86A86E320D0147200CAC7DA;
			productRefGroup = D86A86ED20D0147200CAC7DA /* Products */;
			projectDirPath = "";
			projectRoot = "";
			targets = (
				D86A86EB20D0147200CAC7DA /* AppX */,
			);
		};
/* End PBXProject section */

/* Begin PBXResourcesBuildPhase section */
		D86A86EA20D0147200CAC7DA /* Resources */ = {
			isa = PBXResourcesBuildPhase;
			buildActionMask = 2147483647;
			files = (
				D86A871220D017AA00CAC7DA /* LICENSE in Resources */,
				D86A86F620D0147400CAC7DA /* Assets.xcassets in Resources */,
				D86A871320D017AA00CAC7DA /* README.md in Resources */,
				D86A86F920D0147400CAC7DA /* Main.storyboard in Resources */,
			);
			runOnlyForDeploymentPostprocessing = 0;
		};
/* End PBXResourcesBuildPhase section */

/* Begin PBXShellScriptBuildPhase section */
		A1317898636EF0B9FA85486B /* [CP] Check Pods Manifest.lock */ = {
			isa = PBXShellScriptBuildPhase;
			buildActionMask = 2147483647;
			files = (
			);
			inputPaths = (
				"${PODS_PODFILE_DIR_PATH}/Podfile.lock",
				"${PODS_ROOT}/Manifest.lock",
			);
			name = "[CP] Check Pods Manifest.lock";
			outputPaths = (
				"$(DERIVED_FILE_DIR)/Pods-AppX-checkManifestLockResult.txt",
			);
			runOnlyForDeploymentPostprocessing = 0;
			shellPath = /bin/sh;
			shellScript = "diff \"${PODS_PODFILE_DIR_PATH}/Podfile.lock\" \"${PODS_ROOT}/Manifest.lock\" > /dev/null\nif [ $? != 0 ] ; then\n    # print error to STDERR\n    echo \"error: The sandbox is not in sync with the Podfile.lock. Run 'pod install' or update your CocoaPods installation.\" >&2\n    exit 1\nfi\n# This output is used by Xcode 'outputs' to avoid re-running this script phase.\necho \"SUCCESS\" > \"${SCRIPT_OUTPUT_FILE_0}\"\n";
			showEnvVarsInLog = 0;
		};
/* End PBXShellScriptBuildPhase section */

/* Begin PBXSourcesBuildPhase section */
		D86A86E820D0147200CAC7DA /* Sources */ = {
			isa = PBXSourcesBuildPhase;
			buildActionMask = 2147483647;
			files = (
				D86A86F420D0147200CAC7DA /* ViewController.m in Sources */,
				D86A871820D017D500CAC7DA /* yololib.m in Sources */,
				D86A871420D017AA00CAC7DA /* GCDTask.m in Sources */,
				D86A86FC20D0147400CAC7DA /* main.m in Sources */,
				D86A86F120D0147200CAC7DA /* AppDelegate.m in Sources */,
			);
			runOnlyForDeploymentPostprocessing = 0;
		};
/* End PBXSourcesBuildPhase section */

/* Begin PBXVariantGroup section */
		D86A86F720D0147400CAC7DA /* Main.storyboard */ = {
			isa = PBXVariantGroup;
			children = (
				D86A86F820D0147400CAC7DA /* Base */,
			);
			name = Main.storyboard;
			sourceTree = "<group>";
		};
/* End PBXVariantGroup section */

/* Begin XCBuildConfiguration section */
		D86A86FE20D0147400CAC7DA /* Debug */ = {
			isa = XCBuildConfiguration;
			buildSettings = {
				ALWAYS_SEARCH_USER_PATHS = NO;
				CLANG_ANALYZER_NONNULL = YES;
				CLANG_ANALYZER_NUMBER_OBJECT_CONVERSION = YES_AGGRESSIVE;
				CLANG_CXX_LANGUAGE_STANDARD = "gnu++14";
				CLANG_CXX_LIBRARY = "libc++";
				CLANG_ENABLE_MODULES = YES;
				CLANG_ENABLE_OBJC_ARC = YES;
				CLANG_ENABLE_OBJC_WEAK = YES;
				CLANG_WARN_BLOCK_CAPTURE_AUTORELEASING = YES;
				CLANG_WARN_BOOL_CONVERSION = YES;
				CLANG_WARN_COMMA = YES;
				CLANG_WARN_CONSTANT_CONVERSION = YES;
				CLANG_WARN_DEPRECATED_OBJC_IMPLEMENTATIONS = YES;
				CLANG_WARN_DIRECT_OBJC_ISA_USAGE = YES_ERROR;
				CLANG_WARN_DOCUMENTATION_COMMENTS = YES;
				CLANG_WARN_EMPTY_BODY = YES;
				CLANG_WARN_ENUM_CONVERSION = YES;
				CLANG_WARN_INFINITE_RECURSION = YES;
				CLANG_WARN_INT_CONVERSION = YES;
				CLANG_WARN_NON_LITERAL_NULL_CONVERSION = YES;
				CLANG_WARN_OBJC_IMPLICIT_RETAIN_SELF = YES;
				CLANG_WARN_OBJC_LITERAL_CONVERSION = YES;
				CLANG_WARN_OBJC_ROOT_CLASS = YES_ERROR;
				CLANG_WARN_RANGE_LOOP_ANALYSIS = YES;
				CLANG_WARN_STRICT_PROTOTYPES = YES;
				CLANG_WARN_SUSPICIOUS_MOVE = YES;
				CLANG_WARN_UNGUARDED_AVAILABILITY = YES_AGGRESSIVE;
				CLANG_WARN_UNREACHABLE_CODE = YES;
				CLANG_WARN__DUPLICATE_METHOD_MATCH = YES;
				CODE_SIGN_IDENTITY = "Mac Developer";
				COPY_PHASE_STRIP = NO;
				DEBUG_INFORMATION_FORMAT = dwarf;
				ENABLE_STRICT_OBJC_MSGSEND = YES;
				ENABLE_TESTABILITY = YES;
				GCC_C_LANGUAGE_STANDARD = gnu11;
				GCC_DYNAMIC_NO_PIC = NO;
				GCC_NO_COMMON_BLOCKS = YES;
				GCC_OPTIMIZATION_LEVEL = 0;
				GCC_PREPROCESSOR_DEFINITIONS = (
					"DEBUG=1",
					"$(inherited)",
				);
				GCC_WARN_64_TO_32_BIT_CONVERSION = YES;
				GCC_WARN_ABOUT_RETURN_TYPE = YES_ERROR;
				GCC_WARN_UNDECLARED_SELECTOR = YES;
				GCC_WARN_UNINITIALIZED_AUTOS = YES_AGGRESSIVE;
				GCC_WARN_UNUSED_FUNCTION = YES;
				GCC_WARN_UNUSED_VARIABLE = YES;
				MACOSX_DEPLOYMENT_TARGET = 10.13;
				MTL_ENABLE_DEBUG_INFO = YES;
				ONLY_ACTIVE_ARCH = YES;
				SDKROOT = macosx;
			};
			name = Debug;
		};
		D86A86FF20D0147400CAC7DA /* Release */ = {
			isa = XCBuildConfiguration;
			buildSettings = {
				ALWAYS_SEARCH_USER_PATHS = NO;
				CLANG_ANALYZER_NONNULL = YES;
				CLANG_ANALYZER_NUMBER_OBJECT_CONVERSION = YES_AGGRESSIVE;
				CLANG_CXX_LANGUAGE_STANDARD = "gnu++14";
				CLANG_CXX_LIBRARY = "libc++";
				CLANG_ENABLE_MODULES = YES;
				CLANG_ENABLE_OBJC_ARC = YES;
				CLANG_ENABLE_OBJC_WEAK = YES;
				CLANG_WARN_BLOCK_CAPTURE_AUTORELEASING = YES;
				CLANG_WARN_BOOL_CONVERSION = YES;
				CLANG_WARN_COMMA = YES;
				CLANG_WARN_CONSTANT_CONVERSION = YES;
				CLANG_WARN_DEPRECATED_OBJC_IMPLEMENTATIONS = YES;
				CLANG_WARN_DIRECT_OBJC_ISA_USAGE = YES_ERROR;
				CLANG_WARN_DOCUMENTATION_COMMENTS = YES;
				CLANG_WARN_EMPTY_BODY = YES;
				CLANG_WARN_ENUM_CONVERSION = YES;
				CLANG_WARN_INFINITE_RECURSION = YES;
				CLANG_WARN_INT_CONVERSION = YES;
				CLANG_WARN_NON_LITERAL_NULL_CONVERSION = YES;
				CLANG_WARN_OBJC_IMPLICIT_RETAIN_SELF = YES;
				CLANG_WARN_OBJC_LITERAL_CONVERSION = YES;
				CLANG_WARN_OBJC_ROOT_CLASS = YES_ERROR;
				CLANG_WARN_RANGE_LOOP_ANALYSIS = YES;
				CLANG_WARN_STRICT_PROTOTYPES = YES;
				CLANG_WARN_SUSPICIOUS_MOVE = YES;
				CLANG_WARN_UNGUARDED_AVAILABILITY = YES_AGGRESSIVE;
				CLANG_WARN_UNREACHABLE_CODE = YES;
				CLANG_WARN__DUPLICATE_METHOD_MATCH = YES;
				CODE_SIGN_IDENTITY = "Mac Developer";
				COPY_PHASE_STRIP = NO;
				DEBUG_INFORMATION_FORMAT = "dwarf-with-dsym";
				ENABLE_NS_ASSERTIONS = NO;
				ENABLE_STRICT_OBJC_MSGSEND = YES;
				GCC_C_LANGUAGE_STANDARD = gnu11;
				GCC_NO_COMMON_BLOCKS = YES;
				GCC_WARN_64_TO_32_BIT_CONVERSION = YES;
				GCC_WARN_ABOUT_RETURN_TYPE = YES_ERROR;
				GCC_WARN_UNDECLARED_SELECTOR = YES;
				GCC_WARN_UNINITIALIZED_AUTOS = YES_AGGRESSIVE;
				GCC_WARN_UNUSED_FUNCTION = YES;
				GCC_WARN_UNUSED_VARIABLE = YES;
				MACOSX_DEPLOYMENT_TARGET = 10.13;
				MTL_ENABLE_DEBUG_INFO = NO;
				SDKROOT = macosx;
			};
			name = Release;
		};
		D86A870120D0147400CAC7DA /* Debug */ = {
			isa = XCBuildConfiguration;
			baseConfigurationReference = 084DC4B07D366C7D2AB0E211 /* Pods-AppX.debug.xcconfig */;
			buildSettings = {
				ASSETCATALOG_COMPILER_APPICON_NAME = AppIcon;
				CODE_SIGN_ENTITLEMENTS = AppX/AppX.entitlements;
				CODE_SIGN_STYLE = Automatic;
				COMBINE_HIDPI_IMAGES = YES;
				DEVELOPMENT_TEAM = Y4E69MK58Q;
				INFOPLIST_FILE = AppX/Info.plist;
				LD_RUNPATH_SEARCH_PATHS = (
					"$(inherited)",
					"@executable_path/../Frameworks",
				);
				PRODUCT_BUNDLE_IDENTIFIER = com.joeyio.AppX;
				PRODUCT_NAME = "$(TARGET_NAME)";
			};
			name = Debug;
		};
		D86A870220D0147400CAC7DA /* Release */ = {
			isa = XCBuildConfiguration;
			baseConfigurationReference = 91E531EB4AB2175A19BCCAA8 /* Pods-AppX.release.xcconfig */;
			buildSettings = {
				ASSETCATALOG_COMPILER_APPICON_NAME = AppIcon;
				CODE_SIGN_ENTITLEMENTS = AppX/AppX.entitlements;
				CODE_SIGN_STYLE = Automatic;
				COMBINE_HIDPI_IMAGES = YES;
				DEVELOPMENT_TEAM = Y4E69MK58Q;
				INFOPLIST_FILE = AppX/Info.plist;
				LD_RUNPATH_SEARCH_PATHS = (
					"$(inherited)",
					"@executable_path/../Frameworks",
				);
				PRODUCT_BUNDLE_IDENTIFIER = com.joeyio.AppX;
				PRODUCT_NAME = "$(TARGET_NAME)";
			};
			name = Release;
		};
/* End XCBuildConfiguration section */

/* Begin XCConfigurationList section */
		D86A86E720D0147200CAC7DA /* Build configuration list for PBXProject "AppX" */ = {
			isa = XCConfigurationList;
			buildConfigurations = (
				D86A86FE20D0147400CAC7DA /* Debug */,
				D86A86FF20D0147400CAC7DA /* Release */,
			);
			defaultConfigurationIsVisible = 0;
			defaultConfigurationName = Release;
		};
		D86A870020D0147400CAC7DA /* Build configuration list for PBXNativeTarget "AppX" */ = {
			isa = XCConfigurationList;
			buildConfigurations = (
				D86A870120D0147400CAC7DA /* Debug */,
				D86A870220D0147400CAC7DA /* Release */,
			);
			defaultConfigurationIsVisible = 0;
			defaultConfigurationName = Release;
		};
/* End XCConfigurationList section */
	};
	rootObject = D86A86E420D0147200CAC7DA /* Project object */;
}
