// !$*UTF8*$!
{
	archiveVersion = 1;
	classes = {
	};
	objectVersion = 50;
	objects = {

/* Begin PBXBuildFile section */
		D86A86F120D0147200CAC7DA /* AppDelegate.m in Sources */ = {isa = PBXBuildFile; fileRef = D86A86F020D0147200CAC7DA /* AppDelegate.m */; };
		D86A86F420D0147200CAC7DA /* ViewController.m in Sources */ = {isa = PBXBuildFile; fileRef = D86A86F320D0147200CAC7DA /* ViewController.m */; };
		D86A86F620D0147400CAC7DA /* Assets.xcassets in Resources */ = {isa = PBXBuildFile; fileRef = D86A86F520D0147400CAC7DA /* Assets.xcassets */; };
		D86A86F920D0147400CAC7DA /* Main.storyboard in Resources */ = {isa = PBXBuildFile; fileRef = D86A86F720D0147400CAC7DA /* Main.storyboard */; };
		D86A86FC20D0147400CAC7DA /* main.m in Sources */ = {isa = PBXBuildFile; fileRef = D86A86FB20D0147400CAC7DA /* main.m */; };
/* End PBXBuildFile section */

/* Begin PBXFileReference section */
		D86A86EC20D0147200CAC7DA /* AppX.app */ = {isa = PBXFileReference; explicitFileType = wrapper.application; includeInIndex = 0; path = AppX.app; sourceTree = BUILT_PRODUCTS_DIR; };
		D86A86EF20D0147200CAC7DA /* AppDelegate.h */ = {isa = PBXFileReference; lastKnownFileType = sourcecode.c.h; path = AppDelegate.h; sourceTree = "<group>"; };
		D86A86F020D0147200CAC7DA /* AppDelegate.m */ = {isa = PBXFileReference; lastKnownFileType = sourcecode.c.objc; path = AppDelegate.m; sourceTree = "<group>"; };
		D86A86F220D0147200CAC7DA /* ViewController.h */ = {isa = PBXFileReference; lastKnownFileType = sourcecode.c.h; path = ViewController.h; sourceTree = "<group>"; };
		D86A86F320D0147200CAC7DA /* ViewController.m */ = {isa = PBXFileReference; lastKnownFileType = sourcecode.c.objc; path = ViewController.m; sourceTree = "<group>"; };
		D86A86F520D0147400CAC7DA /* Assets.xcassets */ = {isa = PBXFileReference; lastKnownFileType = folder.assetcatalog; path = Assets.xcassets; sourceTree = "<group>"; };
		D86A86F820D0147400CAC7DA /* Base */ = {isa = PBXFileReference; lastKnownFileType = file.storyboard; name = Base; path = Base.lproj/Main.storyboard; sourceTree = "<group>"; };
		D86A86FA20D0147400CAC7DA /* Info.plist */ = {isa = PBXFileReference; lastKnownFileType = text.plist.xml; path = Info.plist; sourceTree = "<group>"; };
		D86A86FB20D0147400CAC7DA /* main.m */ = {isa = PBXFileReference; lastKnownFileType = sourcecode.c.objc; path = main.m; sourceTree = "<group>"; };
		D86A86FD20D0147400CAC7DA /* AppX.entitlements */ = {isa = PBXFileReference; lastKnownFileType = text.plist.entitlements; path = AppX.entitlements; sourceTree = "<group>"; };
/* End PBXFileReference section */

/* Begin PBXFrameworksBuildPhase section */
		D86A86E920D0147200CAC7DA /* Frameworks */ = {
			isa = PBXFrameworksBuildPhase;
			buildActionMask = 2147483647;
			files = (
			);
			runOnlyForDeploymentPostprocessing = 0;
		};
/* End PBXFrameworksBuildPhase section */

/* Begin PBXGroup section */
		D86A86E320D0147200CAC7DA = {
			isa = PBXGroup;
			children = (
				D86A86EE20D0147200CAC7DA /* AppX */,
				D86A86ED20D0147200CAC7DA /* Products */,
			);
			sourceTree = "<group>";
		};
		D86A86ED20D0147200CAC7DA /* Products */ = {
			isa = PBXGroup;
			children = (
				D86A86EC20D0147200CAC7DA /* AppX.app */,
			);
			name = Products;
			sourceTree = "<group>";
		};
		D86A86EE20D0147200CAC7DA /* AppX */ = {
			isa = PBXGroup;
			children = (
				D86A86EF20D0147200CAC7DA /* AppDelegate.h */,
				D86A86F020D0147200CAC7DA /* AppDelegate.m */,
				D86A86F220D0147200CAC7DA /* ViewController.h */,
				D86A86F320D0147200CAC7DA /* ViewController.m */,
				D86A86F520D0147400CAC7DA /* Assets.xcassets */,
				D86A86F720D0147400CAC7DA /* Main.storyboard */,
				D86A86FA20D0147400CAC7DA /* Info.plist */,
				D86A86FB20D0147400CAC7DA /* main.m */,
				D86A86FD20D0147400CAC7DA /* AppX.entitlements */,
			);
			path = AppX;
			sourceTree = "<group>";
		};
/* End PBXGroup section */

/* Begin PBXNativeTarget section */
		D86A86EB20D0147200CAC7DA /* AppX */ = {
			isa = PBXNativeTarget;
			buildConfigurationList = D86A870020D0147400CAC7DA /* Build configuration list for PBXNativeTarget "AppX" */;
			buildPhases = (
				D86A86E820D0147200CAC7DA /* Sources */,
				D86A86E920D0147200CAC7DA /* Frameworks */,
				D86A86EA20D0147200CAC7DA /* Resources */,
			);
			buildRules = (
			);
			dependencies = (
			);
			name = AppX;
			productName = AppX;
			productReference = D86A86EC20D0147200CAC7DA /* AppX.app */;
			productType = "com.apple.product-type.application";
		};
/* End PBXNativeTarget section */

/* Begin PBXProject section */
		D86A86E420D0147200CAC7DA /* Project object */ = {
			isa = PBXProject;
			attributes = {
				LastUpgradeCheck = 0940;
				ORGANIZATIONNAME = NoName;
				TargetAttributes = {
					D86A86EB20D0147200CAC7DA = {
						CreatedOnToolsVersion = 9.4;
					};
				};
			};
			buildConfigurationList = D86A86E720D0147200CAC7DA /* Build configuration list for PBXProject "AppX" */;
			compatibilityVersion = "Xcode 9.3";
			developmentRegion = en;
			hasScannedForEncodings = 0;
			knownRegions = (
				en,
				Base,
			);
			mainGroup = D86A86E320D0147200CAC7DA;
			productRefGroup = D86A86ED20D0147200CAC7DA /* Products */;
			projectDirPath = "";
			projectRoot = "";
			targets = (
				D86A86EB20D0147200CAC7DA /* AppX */,
			);
		};
/* End PBXProject section */

/* Begin PBXResourcesBuildPhase section */
		D86A86EA20D0147200CAC7DA /* Resources */ = {
			isa = PBXResourcesBuildPhase;
			buildActionMask = 2147483647;
			files = (
				D86A86F620D0147400CAC7DA /* Assets.xcassets in Resources */,
				D86A86F920D0147400CAC7DA /* Main.storyboard in Resources */,
			);
			runOnlyForDeploymentPostprocessing = 0;
		};
/* End PBXResourcesBuildPhase section */

/* Begin PBXSourcesBuildPhase section */
		D86A86E820D0147200CAC7DA /* Sources */ = {
			isa = PBXSourcesBuildPhase;
			buildActionMask = 2147483647;
			files = (
				D86A86F420D0147200CAC7DA /* ViewController.m in Sources */,
				D86A86FC20D0147400CAC7DA /* main.m in Sources */,
				D86A86F120D0147200CAC7DA /* AppDelegate.m in Sources */,
			);
			runOnlyForDeploymentPostprocessing = 0;
		};
/* End PBXSourcesBuildPhase section */

/* Begin PBXVariantGroup section */
		D86A86F720D0147400CAC7DA /* Main.storyboard */ = {
			isa = PBXVariantGroup;
			children = (
				D86A86F820D0147400CAC7DA /* Base */,
			);
			name = Main.storyboard;
			sourceTree = "<group>";
		};
/* End PBXVariantGroup section */

/* Begin XCBuildConfiguration section */
		D86A86FE20D0147400CAC7DA /* Debug */ = {
			isa = XCBuildConfiguration;
			buildSettings = {
				ALWAYS_SEARCH_USER_PATHS = NO;
				CLANG_ANALYZER_NONNULL = YES;
				CLANG_ANALYZER_NUMBER_OBJECT_CONVERSION = YES_AGGRESSIVE;
				CLANG_CXX_LANGUAGE_STANDARD = "gnu++14";
				CLANG_CXX_LIBRARY = "libc++";
				CLANG_ENABLE_MODULES = YES;
				CLANG_ENABLE_OBJC_ARC = YES;
				CLANG_ENABLE_OBJC_WEAK = YES;
				CLANG_WARN_BLOCK_CAPTURE_AUTORELEASING = YES;
				CLANG_WARN_BOOL_CONVERSION = YES;
				CLANG_WARN_COMMA = YES;
				CLANG_WARN_CONSTANT_CONVERSION = YES;
				CLANG_WARN_DEPRECATED_OBJC_IMPLEMENTATIONS = YES;
				CLANG_WARN_DIRECT_OBJC_ISA_USAGE = YES_ERROR;
				CLANG_WARN_DOCUMENTATION_COMMENTS = YES;
				CLANG_WARN_EMPTY_BODY = YES;
				CLANG_WARN_ENUM_CONVERSION = YES;
				CLANG_WARN_INFINITE_RECURSION = YES;
				CLANG_WARN_INT_CONVERSION = YES;
				CLANG_WARN_NON_LITERAL_NULL_CONVERSION = YES;
				CLANG_WARN_OBJC_IMPLICIT_RETAIN_SELF = YES;
				CLANG_WARN_OBJC_LITERAL_CONVERSION = YES;
				CLANG_WARN_OBJC_ROOT_CLASS = YES_ERROR;
				CLANG_WARN_RANGE_LOOP_ANALYSIS = YES;
				CLANG_WARN_STRICT_PROTOTYPES = YES;
				CLANG_WARN_SUSPICIOUS_MOVE = YES;
				CLANG_WARN_UNGUARDED_AVAILABILITY = YES_AGGRESSIVE;
				CLANG_WARN_UNREACHABLE_CODE = YES;
				CLANG_WARN__DUPLICATE_METHOD_MATCH = YES;
				CODE_SIGN_IDENTITY = "Mac Developer";
				COPY_PHASE_STRIP = NO;
				DEBUG_INFORMATION_FORMAT = dwarf;
				ENABLE_STRICT_OBJC_MSGSEND = YES;
				ENABLE_TESTABILITY = YES;
				GCC_C_LANGUAGE_STANDARD = gnu11;
				GCC_DYNAMIC_NO_PIC = NO;
				GCC_NO_COMMON_BLOCKS = YES;
				GCC_OPTIMIZATION_LEVEL = 0;
				GCC_PREPROCESSOR_DEFINITIONS = (
					"DEBUG=1",
					"$(inherited)",
				);
				GCC_WARN_64_TO_32_BIT_CONVERSION = YES;
				GCC_WARN_ABOUT_RETURN_TYPE = YES_ERROR;
				GCC_WARN_UNDECLARED_SELECTOR = YES;
				GCC_WARN_UNINITIALIZED_AUTOS = YES_AGGRESSIVE;
				GCC_WARN_UNUSED_FUNCTION = YES;
				GCC_WARN_UNUSED_VARIABLE = YES;
				MACOSX_DEPLOYMENT_TARGET = 10.13;
				MTL_ENABLE_DEBUG_INFO = YES;
				ONLY_ACTIVE_ARCH = YES;
				SDKROOT = macosx;
			};
			name = Debug;
		};
		D86A86FF20D0147400CAC7DA /* Release */ = {
			isa = XCBuildConfiguration;
			buildSettings = {
				ALWAYS_SEARCH_USER_PATHS = NO;
				CLANG_ANALYZER_NONNULL = YES;
				CLANG_ANALYZER_NUMBER_OBJECT_CONVERSION = YES_AGGRESSIVE;
				CLANG_CXX_LANGUAGE_STANDARD = "gnu++14";
				CLANG_CXX_LIBRARY = "libc++";
				CLANG_ENABLE_MODULES = YES;
				CLANG_ENABLE_OBJC_ARC = YES;
				CLANG_ENABLE_OBJC_WEAK = YES;
				CLANG_WARN_BLOCK_CAPTURE_AUTORELEASING = YES;
				CLANG_WARN_BOOL_CONVERSION = YES;
				CLANG_WARN_COMMA = YES;
				CLANG_WARN_CONSTANT_CONVERSION = YES;
				CLANG_WARN_DEPRECATED_OBJC_IMPLEMENTATIONS = YES;
				CLANG_WARN_DIRECT_OBJC_ISA_USAGE = YES_ERROR;
				CLANG_WARN_DOCUMENTATION_COMMENTS = YES;
				CLANG_WARN_EMPTY_BODY = YES;
				CLANG_WARN_ENUM_CONVERSION = YES;
				CLANG_WARN_INFINITE_RECURSION = YES;
				CLANG_WARN_INT_CONVERSION = YES;
				CLANG_WARN_NON_LITERAL_NULL_CONVERSION = YES;
				CLANG_WARN_OBJC_IMPLICIT_RETAIN_SELF = YES;
				CLANG_WARN_OBJC_LITERAL_CONVERSION = YES;
				CLANG_WARN_OBJC_ROOT_CLASS = YES_ERROR;
				CLANG_WARN_RANGE_LOOP_ANALYSIS = YES;
				CLANG_WARN_STRICT_PROTOTYPES = YES;
				CLANG_WARN_SUSPICIOUS_MOVE = YES;
				CLANG_WARN_UNGUARDED_AVAILABILITY = YES_AGGRESSIVE;
				CLANG_WARN_UNREACHABLE_CODE = YES;
				CLANG_WARN__DUPLICATE_METHOD_MATCH = YES;
				CODE_SIGN_IDENTITY = "Mac Developer";
				COPY_PHASE_STRIP = NO;
				DEBUG_INFORMATION_FORMAT = "dwarf-with-dsym";
				ENABLE_NS_ASSERTIONS = NO;
				ENABLE_STRICT_OBJC_MSGSEND = YES;
				GCC_C_LANGUAGE_STANDARD = gnu11;
				GCC_NO_COMMON_BLOCKS = YES;
				GCC_WARN_64_TO_32_BIT_CONVERSION = YES;
				GCC_WARN_ABOUT_RETURN_TYPE = YES_ERROR;
				GCC_WARN_UNDECLARED_SELECTOR = YES;
				GCC_WARN_UNINITIALIZED_AUTOS = YES_AGGRESSIVE;
				GCC_WARN_UNUSED_FUNCTION = YES;
				GCC_WARN_UNUSED_VARIABLE = YES;
				MACOSX_DEPLOYMENT_TARGET = 10.13;
				MTL_ENABLE_DEBUG_INFO = NO;
				SDKROOT = macosx;
			};
			name = Release;
		};
		D86A870120D0147400CAC7DA /* Debug */ = {
			isa = XCBuildConfiguration;
			buildSettings = {
				ASSETCATALOG_COMPILER_APPICON_NAME = AppIcon;
				CODE_SIGN_ENTITLEMENTS = AppX/AppX.entitlements;
				CODE_SIGN_STYLE = Automatic;
				COMBINE_HIDPI_IMAGES = YES;
				DEVELOPMENT_TEAM = Y4E69MK58Q;
				INFOPLIST_FILE = AppX/Info.plist;
				LD_RUNPATH_SEARCH_PATHS = (
					"$(inherited)",
					"@executable_path/../Frameworks",
				);
				PRODUCT_BUNDLE_IDENTIFIER = com.joeyio.AppX;
				PRODUCT_NAME = "$(TARGET_NAME)";
			};
			name = Debug;
		};
		D86A870220D0147400CAC7DA /* Release */ = {
			isa = XCBuildConfiguration;
			buildSettings = {
				ASSETCATALOG_COMPILER_APPICON_NAME = AppIcon;
				CODE_SIGN_ENTITLEMENTS = AppX/AppX.entitlements;
				CODE_SIGN_STYLE = Automatic;
				COMBINE_HIDPI_IMAGES = YES;
				DEVELOPMENT_TEAM = Y4E69MK58Q;
				INFOPLIST_FILE = AppX/Info.plist;
				LD_RUNPATH_SEARCH_PATHS = (
					"$(inherited)",
					"@executable_path/../Frameworks",
				);
				PRODUCT_BUNDLE_IDENTIFIER = com.joeyio.AppX;
				PRODUCT_NAME = "$(TARGET_NAME)";
			};
			name = Release;
		};
/* End XCBuildConfiguration section */

/* Begin XCConfigurationList section */
		D86A86E720D0147200CAC7DA /* Build configuration list for PBXProject "AppX" */ = {
			isa = XCConfigurationList;
			buildConfigurations = (
				D86A86FE20D0147400CAC7DA /* Debug */,
				D86A86FF20D0147400CAC7DA /* Release */,
			);
			defaultConfigurationIsVisible = 0;
			defaultConfigurationName = Release;
		};
		D86A870020D0147400CAC7DA /* Build configuration list for PBXNativeTarget "AppX" */ = {
			isa = XCConfigurationList;
			buildConfigurations = (
				D86A870120D0147400CAC7DA /* Debug */,
				D86A870220D0147400CAC7DA /* Release */,
			);
			defaultConfigurationIsVisible = 0;
			defaultConfigurationName = Release;
		};
/* End XCConfigurationList section */
	};
	rootObject = D86A86E420D0147200CAC7DA /* Project object */;
}
